{
  "version": "2",
  "remote": {
    "https://deno.land/std@0.128.0/_util/assert.ts": "e94f2eb37cebd7f199952e242c77654e43333c1ac4c5c700e929ea3aa5489f74",
    "https://deno.land/std@0.128.0/_util/os.ts": "49b92edea1e82ba295ec946de8ffd956ed123e2948d9bd1d3e901b04e4307617",
    "https://deno.land/std@0.128.0/path/_constants.ts": "df1db3ffa6dd6d1252cc9617e5d72165cd2483df90e93833e13580687b6083c3",
    "https://deno.land/std@0.128.0/path/_interface.ts": "ee3b431a336b80cf445441109d089b70d87d5e248f4f90ff906820889ecf8d09",
    "https://deno.land/std@0.128.0/path/_util.ts": "c1e9686d0164e29f7d880b2158971d805b6e0efc3110d0b3e24e4b8af2190d2b",
    "https://deno.land/std@0.128.0/path/common.ts": "bee563630abd2d97f99d83c96c2fa0cca7cee103e8cb4e7699ec4d5db7bd2633",
    "https://deno.land/std@0.128.0/path/glob.ts": "cb5255638de1048973c3e69e420c77dc04f75755524cb3b2e160fe9277d939ee",
    "https://deno.land/std@0.128.0/path/mod.ts": "4275129bb766f0e475ecc5246aa35689eeade419d72a48355203f31802640be7",
    "https://deno.land/std@0.128.0/path/posix.ts": "663e4a6fe30a145f56aa41a22d95114c4c5582d8b57d2d7c9ed27ad2c47636bb",
    "https://deno.land/std@0.128.0/path/separator.ts": "fe1816cb765a8068afb3e8f13ad272351c85cbc739af56dacfc7d93d710fe0f9",
    "https://deno.land/std@0.128.0/path/win32.ts": "e7bdf63e8d9982b4d8a01ef5689425c93310ece950e517476e22af10f41a136e",
    "https://deno.land/std@0.156.0/_util/assert.ts": "e94f2eb37cebd7f199952e242c77654e43333c1ac4c5c700e929ea3aa5489f74",
    "https://deno.land/std@0.156.0/_util/os.ts": "3b4c6e27febd119d36a416d7a97bd3b0251b77c88942c8f16ee5953ea13e2e49",
    "https://deno.land/std@0.156.0/path/_constants.ts": "df1db3ffa6dd6d1252cc9617e5d72165cd2483df90e93833e13580687b6083c3",
    "https://deno.land/std@0.156.0/path/_interface.ts": "ee3b431a336b80cf445441109d089b70d87d5e248f4f90ff906820889ecf8d09",
    "https://deno.land/std@0.156.0/path/_util.ts": "d16be2a16e1204b65f9d0dfc54a9bc472cafe5f4a190b3c8471ec2016ccd1677",
    "https://deno.land/std@0.156.0/path/common.ts": "bee563630abd2d97f99d83c96c2fa0cca7cee103e8cb4e7699ec4d5db7bd2633",
    "https://deno.land/std@0.156.0/path/glob.ts": "cb5255638de1048973c3e69e420c77dc04f75755524cb3b2e160fe9277d939ee",
    "https://deno.land/std@0.156.0/path/mod.ts": "56fec03ad0ebd61b6ab39ddb9b0ddb4c4a5c9f2f4f632e09dd37ec9ebfd722ac",
    "https://deno.land/std@0.156.0/path/posix.ts": "c1f7afe274290ea0b51da07ee205653b2964bd74909a82deb07b69a6cc383aaa",
    "https://deno.land/std@0.156.0/path/separator.ts": "fe1816cb765a8068afb3e8f13ad272351c85cbc739af56dacfc7d93d710fe0f9",
    "https://deno.land/std@0.156.0/path/win32.ts": "bd7549042e37879c68ff2f8576a25950abbfca1d696d41d82c7bca0b7e6f452c",
    "https://deno.land/std@0.177.0/_util/asserts.ts": "178dfc49a464aee693a7e285567b3d0b555dc805ff490505a8aae34f9cfb1462",
    "https://deno.land/std@0.177.0/_util/os.ts": "d932f56d41e4f6a6093d56044e29ce637f8dcc43c5a90af43504a889cf1775e3",
    "https://deno.land/std@0.177.0/bytes/index_of_needle.ts": "65c939607df609374c4415598fa4dad04a2f14c4d98cd15775216f0aaf597f24",
    "https://deno.land/std@0.177.0/encoding/base64.ts": "7de04c2f8aeeb41453b09b186480be90f2ff357613b988e99fabb91d2eeceba1",
    "https://deno.land/std@0.177.0/encoding/base64url.ts": "3f1178f6446834457b16bfde8b559c1cd3481727fe384d3385e4a9995dc2d851",
    "https://deno.land/std@0.177.0/node/_core.ts": "9a58c0ef98ee77e9b8fcc405511d1b37a003a705eb6a9b6e95f75434d8009adc",
    "https://deno.land/std@0.177.0/node/_utils.ts": "7fd55872a0cf9275e3c080a60e2fa6d45b8de9e956ebcde9053e72a344185884",
    "https://deno.land/std@0.177.0/node/buffer.ts": "85617be2063eccaf177dbb84c7580d1e32023724ed14bd9df4e453b152a26167",
    "https://deno.land/std@0.177.0/node/internal/buffer.d.ts": "bdfa991cd88cb02fd08bf8235d2618550e3e511c970b2a8f2e1a6885a2793cac",
    "https://deno.land/std@0.177.0/node/internal/buffer.mjs": "e92303a3cc6d9aaabcd270a937ad9319825d9ba08cb332650944df4562029b27",
    "https://deno.land/std@0.177.0/node/internal/crypto/_keys.ts": "8f3c3b5a141aa0331a53c205e9338655f1b3b307a08085fd6ff6dda6f7c4190b",
    "https://deno.land/std@0.177.0/node/internal/crypto/constants.ts": "544d605703053218499b08214f2e25cf4310651d535b7ab995891c4b7a217693",
    "https://deno.land/std@0.177.0/node/internal/error_codes.ts": "8495e33f448a484518d76fa3d41d34fc20fe03c14b30130ad8e936b0035d4b8b",
    "https://deno.land/std@0.177.0/node/internal/errors.ts": "1c699b8a3cb93174f697a348c004b1c6d576b66688eac8a48ebb78e65c720aae",
    "https://deno.land/std@0.177.0/node/internal/hide_stack_frames.ts": "9dd1bad0a6e62a1042ce3a51eb1b1ecee2f246907bff44835f86e8f021de679a",
    "https://deno.land/std@0.177.0/node/internal/normalize_encoding.mjs": "fd1d9df61c44d7196432f6e8244621468715131d18cc79cd299fc78ac549f707",
    "https://deno.land/std@0.177.0/node/internal/primordials.mjs": "a72d86b5aa55d3d50b8e916b6a59b7cc0dc5a31da8937114b4a113ad5aa08c74",
    "https://deno.land/std@0.177.0/node/internal/util.mjs": "f7fe2e1ca5e66f550ad0856b9f5ee4d666f0c071fe212ea7fc7f37cfa81f97a5",
    "https://deno.land/std@0.177.0/node/internal/util/inspect.mjs": "11d7c9cab514b8e485acc3978c74b837263ff9c08ae4537fa18ad56bae633259",
    "https://deno.land/std@0.177.0/node/internal/util/types.ts": "0e587b44ec5e017cf228589fc5ce9983b75beece6c39409c34170cfad49d6417",
    "https://deno.land/std@0.177.0/node/internal/validators.mjs": "e02f2b02dd072a5d623970292588d541204dc82207b4c58985d933a5f4b382e6",
    "https://deno.land/std@0.177.0/node/internal_binding/_libuv_winerror.ts": "30c9569603d4b97a1f1a034d88a3f74800d5ea1f12fcc3d225c9899d4e1a518b",
    "https://deno.land/std@0.177.0/node/internal_binding/_node.ts": "cb2389b0eab121df99853eb6a5e3a684e4537e065fb8bf2cca0cbf219ce4e32e",
    "https://deno.land/std@0.177.0/node/internal_binding/_utils.ts": "7c58a2fbb031a204dee9583ba211cf9c67922112fe77e7f0b3226112469e9fe1",
    "https://deno.land/std@0.177.0/node/internal_binding/_winerror.ts": "3e8cfdfe22e89f13d2b28529bab35155e6b1730c0221ec5a6fc7077dc037be13",
    "https://deno.land/std@0.177.0/node/internal_binding/buffer.ts": "31729e0537921d6c730ad0afea44a7e8a0a1044d070ade8368226cb6f7390c8b",
    "https://deno.land/std@0.177.0/node/internal_binding/constants.ts": "21ff9d1ee71d0a2086541083a7711842fc6ae25e264dbf45c73815aadce06f4c",
    "https://deno.land/std@0.177.0/node/internal_binding/string_decoder.ts": "54c3c1cbd5a9254881be58bf22637965dc69535483014dab60487e299cb95445",
    "https://deno.land/std@0.177.0/node/internal_binding/types.ts": "2187595a58d2cf0134f4db6cc2a12bf777f452f52b15b6c3aed73fa072aa5fc3",
    "https://deno.land/std@0.177.0/node/internal_binding/util.ts": "808ff3b92740284184ab824adfc420e75398c88c8bccf5111f0c24ac18c48f10",
    "https://deno.land/std@0.177.0/node/internal_binding/uv.ts": "eb0048e30af4db407fb3f95563e30d70efd6187051c033713b0a5b768593a3a3",
    "https://deno.land/std@0.177.0/node/path.ts": "1c6aa9101554136525b368e8280f0f78136d4071dd71ad3a70477f27d9e4dd91",
    "https://deno.land/std@0.177.0/node/path/_constants.ts": "2e2f68b8679cbf0ef118de8e5719e90cfb091de17d4a7c026c911b6772e6a247",
    "https://deno.land/std@0.177.0/node/path/_interface.ts": "c67d76726d0f86ea62ec68d17f11d50680c4659a60a0ea6dcd2488109435b4ce",
    "https://deno.land/std@0.177.0/node/path/_util.ts": "44deaf5bbd947eafb3439ea7208d0625e231c5f55c421fe83f5ef91218dcd28c",
    "https://deno.land/std@0.177.0/node/path/common.ts": "ee7505ab01fd22de3963b64e46cff31f40de34f9f8de1fff6a1bd2fe79380000",
    "https://deno.land/std@0.177.0/node/path/glob.ts": "b5fc2aed74aa7511cfd07d52dcd595cc18cd7ca431326a664e735d8905d85ce8",
    "https://deno.land/std@0.177.0/node/path/mod.ts": "cad27b16a7a3a8c2bb3ad1ba68a63d11e4fb616d63fd55c95e399a0a3a927be2",
    "https://deno.land/std@0.177.0/node/path/posix.ts": "a066e77f554358a82b4a693726faa41932f02f5bcd520f07afb6b2372e62484d",
    "https://deno.land/std@0.177.0/node/path/separator.ts": "5cfefe182e88bc8138022475703a9b39b13250c79bf234cdc6e3be9afd639662",
    "https://deno.land/std@0.177.0/node/path/win32.ts": "3a1b21948e0063cf1ac1c6834ef3ed633b5405f107be01aadfaedd2088b57eef",
    "https://deno.land/std@0.182.0/_util/asserts.ts": "178dfc49a464aee693a7e285567b3d0b555dc805ff490505a8aae34f9cfb1462",
    "https://deno.land/std@0.182.0/_util/os.ts": "d932f56d41e4f6a6093d56044e29ce637f8dcc43c5a90af43504a889cf1775e3",
    "https://deno.land/std@0.182.0/async/abortable.ts": "fd682fa46f3b7b16b4606a5ab52a7ce309434b76f820d3221bdfb862719a15d7",
    "https://deno.land/std@0.182.0/async/deadline.ts": "c5facb0b404eede83e38bd2717ea8ab34faa2ffb20ef87fd261fcba32ba307aa",
    "https://deno.land/std@0.182.0/async/debounce.ts": "adab11d04ca38d699444ac8a9d9856b4155e8dda2afd07ce78276c01ea5a4332",
    "https://deno.land/std@0.182.0/async/deferred.ts": "42790112f36a75a57db4a96d33974a936deb7b04d25c6084a9fa8a49f135def8",
    "https://deno.land/std@0.182.0/async/delay.ts": "73aa04cec034c84fc748c7be49bb15cac3dd43a57174bfdb7a4aec22c248f0dd",
    "https://deno.land/std@0.182.0/async/mod.ts": "f04344fa21738e5ad6bea37a6bfffd57c617c2d372bb9f9dcfd118a1b622e576",
    "https://deno.land/std@0.182.0/async/mux_async_iterator.ts": "70c7f2ee4e9466161350473ad61cac0b9f115cff4c552eaa7ef9d50c4cbb4cc9",
    "https://deno.land/std@0.182.0/async/pool.ts": "fd082bd4aaf26445909889435a5c74334c017847842ec035739b4ae637ae8260",
    "https://deno.land/std@0.182.0/async/retry.ts": "dd19d93033d8eaddbfcb7654c0366e9d3b0a21448bdb06eba4a7d8a8cf936a92",
    "https://deno.land/std@0.182.0/async/tee.ts": "47e42d35f622650b02234d43803d0383a89eb4387e1b83b5a40106d18ae36757",
    "https://deno.land/std@0.182.0/http/server.ts": "cbb17b594651215ba95c01a395700684e569c165a567e4e04bba327f41197433",
    "https://deno.land/std@0.182.0/media_types/_db.ts": "7606d83e31f23ce1a7968cbaee852810c2cf477903a095696cdc62eaab7ce570",
    "https://deno.land/std@0.182.0/media_types/_util.ts": "916efbd30b6148a716f110e67a4db29d6949bf4048997b754415dd7e42c52378",
    "https://deno.land/std@0.182.0/media_types/content_type.ts": "ad98a5aa2d95f5965b2796072284258710a25e520952376ed432b0937ce743bc",
    "https://deno.land/std@0.182.0/media_types/extension.ts": "a7cd28c9417143387cdfed27d4e8607ebcf5b1ec27eb8473d5b000144689fe65",
    "https://deno.land/std@0.182.0/media_types/extensions_by_type.ts": "43806d6a52a0d6d965ada9d20e60a982feb40bc7a82268178d94edb764694fed",
    "https://deno.land/std@0.182.0/media_types/format_media_type.ts": "f5e1073c05526a6f5a516ac5c5587a1abd043bf1039c71cde1166aa4328c8baf",
    "https://deno.land/std@0.182.0/media_types/get_charset.ts": "18b88274796fda5d353806bf409eb1d2ddb3f004eb4bd311662c4cdd8ac173db",
    "https://deno.land/std@0.182.0/media_types/mod.ts": "d3f0b99f85053bc0b98ecc24eaa3546dfa09b856dc0bbaf60d8956d2cdd710c8",
    "https://deno.land/std@0.182.0/media_types/parse_media_type.ts": "835c4112e1357e95b4f10d7cdea5ae1801967e444f48673ff8f1cb4d32af9920",
    "https://deno.land/std@0.182.0/media_types/type_by_extension.ts": "daa801eb0f11cdf199445d0f1b656cf116d47dcf9e5b85cc1e6b4469f5ee0432",
    "https://deno.land/std@0.182.0/media_types/vendor/mime-db.v1.52.0.ts": "6925bbcae81ca37241e3f55908d0505724358cda3384eaea707773b2c7e99586",
    "https://deno.land/std@0.182.0/path/_constants.ts": "e49961f6f4f48039c0dfed3c3f93e963ca3d92791c9d478ac5b43183413136e0",
    "https://deno.land/std@0.182.0/path/_interface.ts": "6471159dfbbc357e03882c2266d21ef9afdb1e4aa771b0545e90db58a0ba314b",
    "https://deno.land/std@0.182.0/path/_util.ts": "d7abb1e0dea065f427b89156e28cdeb32b045870acdf865833ba808a73b576d0",
    "https://deno.land/std@0.182.0/path/common.ts": "ee7505ab01fd22de3963b64e46cff31f40de34f9f8de1fff6a1bd2fe79380000",
    "https://deno.land/std@0.182.0/path/glob.ts": "d479e0a695621c94d3fd7fe7abd4f9499caf32a8de13f25073451c6ef420a4e1",
    "https://deno.land/std@0.182.0/path/mod.ts": "bf718f19a4fdd545aee1b06409ca0805bd1b68ecf876605ce632e932fe54510c",
    "https://deno.land/std@0.182.0/path/posix.ts": "8b7c67ac338714b30c816079303d0285dd24af6b284f7ad63da5b27372a2c94d",
    "https://deno.land/std@0.182.0/path/separator.ts": "0fb679739d0d1d7bf45b68dacfb4ec7563597a902edbaf3c59b50d5bcadd93b1",
    "https://deno.land/std@0.182.0/path/win32.ts": "d186344e5583bcbf8b18af416d13d82b35a317116e6460a5a3953508c3de5bba",
    "https://deno.land/x/denoflate@1.2.1/mod.ts": "f5628e44b80b3d80ed525afa2ba0f12408e3849db817d47a883b801f9ce69dd6",
    "https://deno.land/x/denoflate@1.2.1/pkg/denoflate.js": "b9f9ad9457d3f12f28b1fb35c555f57443427f74decb403113d67364e4f2caf4",
    "https://deno.land/x/denoflate@1.2.1/pkg/denoflate_bg.wasm.js": "d581956245407a2115a3d7e8d85a9641c032940a8e810acbd59ca86afd34d44d",
    "https://deno.land/x/esbuild@v0.15.10/mod.d.ts": "12e96a8d05c8e2c5638aa9cb09f24222134d437abb2f3f52de0156adb2270719",
    "https://deno.land/x/esbuild@v0.17.15/mod.d.ts": "dc279a3a46f084484453e617c0cabcd5b8bd1920c0e562e4ea02dfc828c8f968",
    "https://deno.land/x/esbuild@v0.17.15/mod.js": "48c352114a13824dae4fe8b6dd6fb074ef3a972eba0cddddc339d2f5c679f780",
    "https://deno.land/x/esbuild_deno_loader@0.6.0/deps.ts": "fe86f62cb954edc2580868cdc3292d4446f22cd2c4eedbf8ee26513fdf74e343",
    "https://deno.land/x/esbuild_deno_loader@0.6.0/src/deno.ts": "0e83ccabbe2b004389288e38df2031b79eb347df2d139fce9394d8e88a11f259",
    "https://deno.land/x/esbuild_deno_loader@0.6.0/src/native_loader.ts": "343854a566cf510cf25144f7c09fc0c1097780a31830305142a075d12bb697ba",
    "https://deno.land/x/esbuild_deno_loader@0.6.0/src/portable_loader.ts": "35b6c526eed8c2c781a3256b23c30aa7cce69c0ef1d583c15528663287ba18a3",
    "https://deno.land/x/esbuild_deno_loader@0.6.0/src/shared.ts": "b64749cd8c0f6252a11498bd8758ef1220003e46b2c9b68e16da63fd7e92b13a",
    "https://deno.land/x/importmap@0.2.1/_util.ts": "ada9a9618b537e6c0316c048a898352396c882b9f2de38aba18fd3f2950ede89",
    "https://deno.land/x/importmap@0.2.1/mod.ts": "ae3d1cd7eabd18c01a4960d57db471126b020f23b37ef14e1359bbb949227ade",
    "https://esm.sh/@remix-run/deno@1.15.0/crypto.ts": "eebe31154429710fc7cd9816ff93dde44ab07a2721851a39cf22a45031ef34df",
    "https://esm.sh/@remix-run/deno@1.15.0/globals.ts": "e812acff6cfe896810d3e6780282c3db8e56b76c56f59fb27adf815afdf8375b",
    "https://esm.sh/@remix-run/deno@1.15.0/implementations.ts": "4a9769fee7ea8fc6c12e9a861d382c4192de2f6ea0fa5339fd99c913a6cb5433",
    "https://esm.sh/@remix-run/deno@1.15.0/index.ts?pin=v86&target=deno&deps=react@18.2.0": "1bcecd44b971fe184f070f2eab83fcc45b0fa9a2691cbce391efe1d7217be00e",
    "https://esm.sh/@remix-run/deno@1.15.0/server.ts": "5ecad52561905b90c6f4cdd4879250e8d091d42082ad451d283cb79d9a2861cb",
    "https://esm.sh/@remix-run/deno@1.15.0/sessions/fileStorage.ts": "a4d96da078aaff4ee15b54153898682b6e519a1ad65ff1cfc42b85168bfe879d",
    "https://esm.sh/@remix-run/dev@1.6.0/config/routes?pin=v86&deps=esbuild@v0.17.15&target=deno": "42ef5a69da71cda0b45f01c4a2af8e5f0f300447702729b97d93af0968d3a44f",
    "https://esm.sh/@remix-run/react@1.15.0?pin=v86&target=deno&deps=react@18.2.0": "a21bdd9dc96876bfa1326997a55fa25543812a1ed1e31374bcc9f0f3dca72dc9",
    "https://esm.sh/@remix-run/server-runtime@1.15.0?pin=v86&target=deno&deps=react@18.2.0": "adc0b6c3fb264ed3afec8d7078a8ccc269d94964b915284727caedaa419df0bc",
    "https://esm.sh/esbuild-wasm@0.17.15/lib/browser.js?pin=v86&target=deno": "88631079911b4ec9bf38d04bec84debf8497ad1381e071b1a3e70561494f66b0",
    "https://esm.sh/isbot@3.6.8?pin=v86&target=deno": "78c8a6547182f674deec1367c295d5fda81065c6d32904d3b7448b53415f4bb0",
    "https://esm.sh/mime@3.0.0?pin=v86&target=deno": "dc57a7acff9cf2a689901db448bad73157394d7b1b5b4ab15c662ab6b9bff254",
    "https://esm.sh/react-dom@18.2.0/server?pin=v86&target=deno&deps=react@18.2.0": "87c8d386c37052db47202713b53bb2ce4ba2bbf39a94762592d79458de92d82b",
    "https://esm.sh/react@18.2.0?pin=v86&target=deno": "84aa07282d2f3c843f7d56daeae0be41ceae768391c4418f7358dd64e8fe4eca",
    "https://esm.sh/react@18.2.0?target=deno": "742d8246041966ba1137ec8c60888c35882a9d2478bce63583875f86c1e3687c",
    "https://esm.sh/stable/react@18.2.0/deno/react.mjs": "a5a73ee24acca4744ee22c51d9357f31968d1f684ce253bde222b4e26d09f49f",
    "https://esm.sh/v106/@types/prop-types@15.7.5/index.d.ts": "6a386ff939f180ae8ef064699d8b7b6e62bc2731a62d7fbf5e02589383838dea",
    "https://esm.sh/v106/@types/react@18.0.26/index.d.ts": "73c248c4557e12130d5d8e173208ef6dde981d1dbb771b76337dee54c50ed131",
    "https://esm.sh/v106/@types/react@18.0.28/global.d.ts": "bbdf156fea2fabed31a569445835aeedcc33643d404fcbaa54541f06c109df3f",
    "https://esm.sh/v106/@types/scheduler@0.16.2/tracing.d.ts": "f5a8b384f182b3851cec3596ccc96cb7464f8d3469f48c74bf2befb782a19de5",
    "https://esm.sh/v106/csstype@3.1.1/index.d.ts": "1c29793071152b207c01ea1954e343be9a44d85234447b2b236acae9e709a383",
    "https://esm.sh/v113/@types/prop-types@15.7.5/index.d.ts": "6a386ff939f180ae8ef064699d8b7b6e62bc2731a62d7fbf5e02589383838dea",
    "https://esm.sh/v113/@types/react@18.0.28/global.d.ts": "bbdf156fea2fabed31a569445835aeedcc33643d404fcbaa54541f06c109df3f",
    "https://esm.sh/v113/@types/react@18.0.28/index.d.ts": "bb79735dbe388c3c7446e3436a22e8161ff87b4eed1932a97dc08e5edc1ab798",
    "https://esm.sh/v113/@types/scheduler@0.16.3/tracing.d.ts": "f5a8b384f182b3851cec3596ccc96cb7464f8d3469f48c74bf2befb782a19de5",
    "https://esm.sh/v113/csstype@3.1.1/index.d.ts": "1c29793071152b207c01ea1954e343be9a44d85234447b2b236acae9e709a383",
    "https://esm.sh/v86/@remix-run/dev@1.6.0/X-ZC9lc2J1aWxkQDAuMTcuMTU/config/routes.d.ts": "da8e639ba2c8460a8bb0e3f6cccf0ccd572f4fa5c53150b639e551f73acddbb5",
    "https://esm.sh/v86/@remix-run/dev@1.6.0/X-ZC9lc2J1aWxkQDAuMTcuMTU/deno/config/routes.js": "8df7fdab0d1b3eb056934c76c9e2e8a824a114cfd7f4d3f69202e36af85917b4",
    "https://esm.sh/v86/@remix-run/react@1.15.0/X-ZC9yZWFjdEAxOC4yLjA/deno/react.mjs": "c11c3c86059a8c17324db25bc39ab2bb2f8f12428500aa43f5f6fae07358cfce",
    "https://esm.sh/v86/@remix-run/react@1.15.0/X-ZC9yZWFjdEAxOC4yLjA/dist/browser.d.ts": "c4f26322fd6d0872a36a02fa25d0dca70e8bbc288f3b3ee55cddbe88f65cb9e1",
    "https://esm.sh/v86/@remix-run/react@1.15.0/X-ZC9yZWFjdEAxOC4yLjA/dist/components.d.ts": "3397e635f4957171cd6020cc85ac4ce7673f47eb271cd3cb28807bb91d04751e",
    "https://esm.sh/v86/@remix-run/react@1.15.0/X-ZC9yZWFjdEAxOC4yLjA/dist/data.d.ts": "64f26c766721b527b47e1c91da45b9374cf09aa2ed2eff81449a63183798424c",
    "https://esm.sh/v86/@remix-run/react@1.15.0/X-ZC9yZWFjdEAxOC4yLjA/dist/entry.d.ts": "aa18f6ce53f237f7235d78ac34058a41f07e2fdee463d817c2552dac8b79e742",
    "https://esm.sh/v86/@remix-run/react@1.15.0/X-ZC9yZWFjdEAxOC4yLjA/dist/errorBoundaries.d.ts": "d41e06e987b4b34219bdaea0ee04a932729b14a0676bd9c4d795192f6c6bdb29",
    "https://esm.sh/v86/@remix-run/react@1.15.0/X-ZC9yZWFjdEAxOC4yLjA/dist/errors.d.ts": "baf78b0464a084b98143cdaced0489afcbebdb18030510381dc420ef8e52febf",
    "https://esm.sh/v86/@remix-run/react@1.15.0/X-ZC9yZWFjdEAxOC4yLjA/dist/index.d.ts": "7ab7d67800eeb72920049ee2ca370c34a9fbad61995b17264e54fb05467d6b7f",
    "https://esm.sh/v86/@remix-run/react@1.15.0/X-ZC9yZWFjdEAxOC4yLjA/dist/links.d.ts": "c7a80405b1c5edcd386419268bcba8e593cadc14fb43bd522893e9e8d7706461",
    "https://esm.sh/v86/@remix-run/react@1.15.0/X-ZC9yZWFjdEAxOC4yLjA/dist/routeModules.d.ts": "062ab26e024cf7768f68d5d1954213e23dddac6bad6603cd050b49dff1de185e",
    "https://esm.sh/v86/@remix-run/react@1.15.0/X-ZC9yZWFjdEAxOC4yLjA/dist/routes.d.ts": "45cbc320575e7e496de26f274493afd63f74f46c55f2d192ee432200b349d2c7",
    "https://esm.sh/v86/@remix-run/react@1.15.0/X-ZC9yZWFjdEAxOC4yLjA/dist/scroll-restoration.d.ts": "2914ac85570adcc97d1b6ae3cb43564379beab4ec0726bfb10cb4a8a9bb11d1e",
    "https://esm.sh/v86/@remix-run/react@1.15.0/X-ZC9yZWFjdEAxOC4yLjA/dist/server.d.ts": "8aea5872839ee4237fbc75263fc124dd254e44db0b0e58bc465489318d1e8ccb",
    "https://esm.sh/v86/@remix-run/react@1.15.0/X-ZC9yZWFjdEAxOC4yLjA/dist/transition.d.ts": "e77c7e68d4bf13e07578bbda63c8e16473923f74581b9bc09b922654e623dd97",
    "https://esm.sh/v86/@remix-run/router@1.5.0/X-ZC9yZWFjdEAxOC4yLjA/deno/router.mjs": "cd304f22eb350febe7911d391cb2161a77b8fd71a3b93e4b4daaa629676d226a",
    "https://esm.sh/v86/@remix-run/router@1.5.0/X-ZC9yZWFjdEAxOC4yLjA/dist/history.d.ts": "2caa2ca50bc86fa81c66a17edd169e54d329ceae407743ff7c1b9e3c4823e9e2",
    "https://esm.sh/v86/@remix-run/router@1.5.0/X-ZC9yZWFjdEAxOC4yLjA/dist/index.d.ts": "796ef9729f93720e137b3ce71e1de68cc55a8f112c7f12d57f0fee08006511cf",
    "https://esm.sh/v86/@remix-run/router@1.5.0/X-ZC9yZWFjdEAxOC4yLjA/dist/router.d.ts": "a38d507d5c306c008fc792b4074790023958b843cb8a85482ea095fb53d06184",
    "https://esm.sh/v86/@remix-run/router@1.5.0/X-ZC9yZWFjdEAxOC4yLjA/dist/utils.d.ts": "bb5e9cfae503640803ea012d09139bb240ac25063abadbf23a527678867eaedf",
    "https://esm.sh/v86/@remix-run/server-runtime@1.15.0/X-ZC9yZWFjdEAxOC4yLjA/deno/server-runtime.mjs": "16fd2849b78f56951a21729ac4273ada87540ae4caf636f3af269869ac2109fb",
    "https://esm.sh/v86/@remix-run/server-runtime@1.15.0/X-ZC9yZWFjdEAxOC4yLjA/dist/build.d.ts": "e0dbf4450d356a557d3b3e536f8101a62ac61ed5e546484d7e0f2533197926df",
    "https://esm.sh/v86/@remix-run/server-runtime@1.15.0/X-ZC9yZWFjdEAxOC4yLjA/dist/cookies.d.ts": "3a53e598b6d7dbe98a60089faa1d129c116d23f71b5836d6172debd6bdbcec8b",
    "https://esm.sh/v86/@remix-run/server-runtime@1.15.0/X-ZC9yZWFjdEAxOC4yLjA/dist/crypto.d.ts": "a302c671d83cab207f3b0b46c4722ea3780912c32e304b391b290370188727fe",
    "https://esm.sh/v86/@remix-run/server-runtime@1.15.0/X-ZC9yZWFjdEAxOC4yLjA/dist/data.d.ts": "4caf5097cd494555744326cfb9bd3bfa685382a22a339ffb9e53338b18a7e448",
    "https://esm.sh/v86/@remix-run/server-runtime@1.15.0/X-ZC9yZWFjdEAxOC4yLjA/dist/entry.d.ts": "ba34b57a623120feba16fd1bb071b80f1817d3587118487510ce86678d819955",
    "https://esm.sh/v86/@remix-run/server-runtime@1.15.0/X-ZC9yZWFjdEAxOC4yLjA/dist/formData.d.ts": "d9cc8b156cb0d09242a5d6b98564bc057e6bd06508be75f731faeb480c97ea56",
    "https://esm.sh/v86/@remix-run/server-runtime@1.15.0/X-ZC9yZWFjdEAxOC4yLjA/dist/index.d.ts": "0edcabca05c9acddffa1f387d4a6b1cca23df9e0d689be4b375fae37a7e0708b",
    "https://esm.sh/v86/@remix-run/server-runtime@1.15.0/X-ZC9yZWFjdEAxOC4yLjA/dist/interface.d.ts": "c16c0df14251e28cdc76c77da3d2d2c31938013568fe4479bbaf8fb71e0511c1",
    "https://esm.sh/v86/@remix-run/server-runtime@1.15.0/X-ZC9yZWFjdEAxOC4yLjA/dist/links.d.ts": "5187c7a0f96ed164fabc335eb9321039d20a962440235a1bf10aebdc5573759b",
    "https://esm.sh/v86/@remix-run/server-runtime@1.15.0/X-ZC9yZWFjdEAxOC4yLjA/dist/mode.d.ts": "f924f0f2779d5a27d64184084a59256f6406cf08eda5cdaa5b3b163568d7a70a",
    "https://esm.sh/v86/@remix-run/server-runtime@1.15.0/X-ZC9yZWFjdEAxOC4yLjA/dist/reexport.d.ts": "718d90c350a2102ed042b704c06b90aad6d4fa0e429b6165b8d964b68fe4f5c6",
    "https://esm.sh/v86/@remix-run/server-runtime@1.15.0/X-ZC9yZWFjdEAxOC4yLjA/dist/responses.d.ts": "44c172a436d899f22c76f22c21f9fb19933e3ebfbd8d43d8caf113016ccfc13e",
    "https://esm.sh/v86/@remix-run/server-runtime@1.15.0/X-ZC9yZWFjdEAxOC4yLjA/dist/routeModules.d.ts": "bfcbcb8f5212f9255e7afb28d47d9e454a55556a29115c18d07e9660a34c19ac",
    "https://esm.sh/v86/@remix-run/server-runtime@1.15.0/X-ZC9yZWFjdEAxOC4yLjA/dist/routes.d.ts": "a7f898101c263ef56e860a83f8b2200b3d66fba06f0e9cfded18fce520082ace",
    "https://esm.sh/v86/@remix-run/server-runtime@1.15.0/X-ZC9yZWFjdEAxOC4yLjA/dist/serialize.d.ts": "45806799fd0f392ff03a0e0735bdd97616fcf3e9ecc524adea4f5487ac06f4b2",
    "https://esm.sh/v86/@remix-run/server-runtime@1.15.0/X-ZC9yZWFjdEAxOC4yLjA/dist/server.d.ts": "112b2e23fe9665c2fae791843006bf741fb87fc781fa945aad40430d31c8eb62",
    "https://esm.sh/v86/@remix-run/server-runtime@1.15.0/X-ZC9yZWFjdEAxOC4yLjA/dist/sessions.d.ts": "9807bd81fc32d33a553cc49c6558b477f03590a7a2d6f942a78476fcc2b41a7b",
    "https://esm.sh/v86/@remix-run/server-runtime@1.15.0/X-ZC9yZWFjdEAxOC4yLjA/dist/sessions/cookieStorage.d.ts": "999fbff2126842bfce9e3ebc2054bcd011997b046d99caf07dd04daee4b51391",
    "https://esm.sh/v86/@remix-run/server-runtime@1.15.0/X-ZC9yZWFjdEAxOC4yLjA/dist/sessions/memoryStorage.d.ts": "813487d3604462783d460e0e17cdbe4b14de45cc4c0d9fdb4ed41736ace598ab",
    "https://esm.sh/v86/@remix-run/server-runtime@1.15.0/X-ZC9yZWFjdEAxOC4yLjA/dist/upload/errors.d.ts": "578f7ff7322b543e22ed301860f489e47bcd137d230e9aff3a7cb4bec14bfb60",
    "https://esm.sh/v86/@remix-run/server-runtime@1.15.0/X-ZC9yZWFjdEAxOC4yLjA/dist/upload/memoryUploadHandler.d.ts": "7d6c1fabad6a772a5c1c70a3699d0eb5b6b07341b0029ed0ce18d1c09270dfc7",
    "https://esm.sh/v86/@types/cookie@0.4.1/X-ZC9yZWFjdEAxOC4yLjA/index.d.ts": "117ffeecf6c55e25b6446f449ad079029b5e7317399b0a693858faaaea5ca73e",
    "https://esm.sh/v86/@types/mime@3.0.1/Mime~.d.ts": "b3f03e96a92599146c7b4b38af1443256429252a72d12c52a0e33c80077f2da1",
    "https://esm.sh/v86/@types/mime@3.0.1/index.d.ts": "951c85f75aac041dddbedfedf565886a7b494e29ec1532e2a9b4a6180560b50e",
    "https://esm.sh/v86/@types/prop-types@15.7.5/X-ZC9yZWFjdEAxOC4yLjA/index.d.ts": "6a386ff939f180ae8ef064699d8b7b6e62bc2731a62d7fbf5e02589383838dea",
    "https://esm.sh/v86/@types/prop-types@15.7.5/index.d.ts": "6a386ff939f180ae8ef064699d8b7b6e62bc2731a62d7fbf5e02589383838dea",
    "https://esm.sh/v86/@types/react-dom@18.0.11/server~.d.ts": "ac7aaa76fac0191cfa7a750b450ec4cfa06aad7e912a82d5b6be4df1864f3e7f",
    "https://esm.sh/v86/@types/react@18.0.28/X-ZC9yZWFjdEAxOC4yLjA/global.d.ts": "bbdf156fea2fabed31a569445835aeedcc33643d404fcbaa54541f06c109df3f",
    "https://esm.sh/v86/@types/react@18.0.28/X-ZC9yZWFjdEAxOC4yLjA/index.d.ts": "3c6100a3ed0934ff024582f5dedcd2cd17014289b898f25adde0b0d91c3ff590",
    "https://esm.sh/v86/@types/react@18.0.28/global.d.ts": "bbdf156fea2fabed31a569445835aeedcc33643d404fcbaa54541f06c109df3f",
    "https://esm.sh/v86/@types/react@18.0.28/index.d.ts": "92b8a86d33afb6dd129a3f63cde64d9e93bd62d3152b074062433b15428e68fe",
    "https://esm.sh/v86/@types/scheduler@0.16.3/X-ZC9yZWFjdEAxOC4yLjA/tracing.d.ts": "f5a8b384f182b3851cec3596ccc96cb7464f8d3469f48c74bf2befb782a19de5",
    "https://esm.sh/v86/@types/scheduler@0.16.3/tracing.d.ts": "f5a8b384f182b3851cec3596ccc96cb7464f8d3469f48c74bf2befb782a19de5",
    "https://esm.sh/v86/@web3-storage/multipart-parser@1.0.0/X-ZC9yZWFjdEAxOC4yLjA/deno/multipart-parser.mjs": "aee84a1b9412e0313bed74f7545b1eac39c4576dcb21ef52cfe771510f797bcb",
    "https://esm.sh/v86/cookie@0.4.2/X-ZC9yZWFjdEAxOC4yLjA/deno/cookie.mjs": "aa86c87eca7c86ba6f98e9df4c84371c26291169fd2c4b265b8263bc36cd0561",
    "https://esm.sh/v86/csstype@3.1.2/X-ZC9yZWFjdEAxOC4yLjA/index.d.ts": "4c68749a564a6facdf675416d75789ee5a557afda8960e0803cf6711fa569288",
    "https://esm.sh/v86/csstype@3.1.2/index.d.ts": "4c68749a564a6facdf675416d75789ee5a557afda8960e0803cf6711fa569288",
    "https://esm.sh/v86/esbuild-wasm@0.17.15/deno/lib/browser.js": "5e5b865a5fbbe8b677e588744563f51922b448b784d1bc69a516581a605d3f04",
    "https://esm.sh/v86/esbuild-wasm@0.17.15/lib/browser.d.ts": "91197c8d9f33193951b21682f7b29eaa151ab09ffc35d6bda841816871646467",
    "https://esm.sh/v86/isbot@3.6.8/deno/isbot.mjs": "8fae73bca5a615b79a5b3b258caaec4db6357d3f724217726a0c505256782329",
    "https://esm.sh/v86/isbot@3.6.8/index.d.ts": "9de6e6497f12c3fbaa58ed2b3faf1fa511836c9f9d3484f40269975b80d1bb8e",
    "https://esm.sh/v86/mime@3.0.0/deno/mime.js": "e7a5bf03015ca1fa08fa27dbf165a4efc6dcb67a468fe9a9cd147e2d63609f65",
    "https://esm.sh/v86/react-dom@18.2.0/deno/server.js": "496bc0e597378cba7cabff1d79a933c15c2c4a507d58492ac78eaced7f307401",
    "https://esm.sh/v86/react-router-dom@6.10.0/X-ZC9yZWFjdEAxOC4yLjA/deno/react-router-dom.mjs": "2c4e112085ac087849a89ac2a6711f2447701e20591d80984def4b305dfdb58f",
    "https://esm.sh/v86/react-router-dom@6.10.0/X-ZC9yZWFjdEAxOC4yLjA/deno/server.js": "369d5d5d87a94f8833a9a99d05f6fbeef7bb2ea5683b063ac713de2341c8257c",
    "https://esm.sh/v86/react-router-dom@6.10.0/X-ZC9yZWFjdEAxOC4yLjA/dist/dom.d.ts": "4fad643ab0e69fd1c646f8887582eb4a29733b21b998511ea33b0d9d234315e5",
    "https://esm.sh/v86/react-router-dom@6.10.0/X-ZC9yZWFjdEAxOC4yLjA/dist/index.d.ts": "6fc72c3e260a29bb7fd4cbcab482e73b837e3f75c8737a1f2a8bb6bcd6ea6f9f",
    "https://esm.sh/v86/react-router@6.10.0/X-ZC9yZWFjdEAxOC4yLjA/deno/react-router.mjs": "efa6f968eb4d03b661d37c0bbdf250296e92d8e6d640b1a9d2e036c20efdfc94",
    "https://esm.sh/v86/react-router@6.10.0/X-ZC9yZWFjdEAxOC4yLjA/dist/index.d.ts": "81f8348fefff01c4b5f650217d15acd7f99d323cdab79452c3fb4aedc6cf3f00",
    "https://esm.sh/v86/react-router@6.10.0/X-ZC9yZWFjdEAxOC4yLjA/dist/lib/components.d.ts": "ca36a2f5d8edf37615eeee9727382fe4bb3ae0c0387d6dfd8dc8dfa0c66a74c8",
    "https://esm.sh/v86/react-router@6.10.0/X-ZC9yZWFjdEAxOC4yLjA/dist/lib/context.d.ts": "4b0cefca4d97bfee3893d16a4e5feced1e83ceefededd528f4774350c738ea12",
    "https://esm.sh/v86/react-router@6.10.0/X-ZC9yZWFjdEAxOC4yLjA/dist/lib/hooks.d.ts": "490f105e53df2fd0dbd8f78b4667886f0c5860cea7f11329d2586364287fc0d8",
    "https://esm.sh/v86/set-cookie-parser@2.6.0/X-ZC9yZWFjdEAxOC4yLjA/deno/set-cookie-parser.mjs": "5dd97177b120f1c64521f623f86ba7b314eaf7c77798aa57a5620812bcce11a8",
    "https://esm.sh/v86/use-sync-external-store@1.2.0/X-ZC9yZWFjdEAxOC4yLjA/deno/cjs/use-sync-external-store-shim.production.min.js.js": "85c12736fee4cb4eac9def9d2742e4897ad17a57ab4caf5a9856fbd7be0a6c63",
    "https://esm.sh/v86/use-sync-external-store@1.2.0/X-ZC9yZWFjdEAxOC4yLjA/deno/shim.js": "c9e7d133ccdad0d49cff7c859e90be177fd1e9f995af6aab1bfbdce42349ee5f"
  }
}
